
Microsoft Visual Studio Solution File, Format Version 12.00
# Visual Studio 15
Project("{FAE04EC0-301F-11D3-BF4B-00C04F79EFBC}") = "Assembly-CSharp", "Assembly-CSharp.csproj", "{06C6F032-EE6A-7FED-2718-0A7275908693}"
EndProject
Project("{FAE04EC0-301F-11D3-BF4B-00C04F79EFBC}") = "Assembly-CSharp-Editor", "Assembly-CSharp-Editor.csproj", "{12A9E7A1-388F-A68E-CAEA-1B1E87F12833}"
EndProject
Global
	GlobalSection(SolutionConfigurationPlatforms) = preSolution
		Debug|Any CPU = Debug|Any CPU
		Release|Any CPU = Release|Any CPU
	EndGlobalSection
	GlobalSection(ProjectConfigurationPlatforms) = postSolution
		{06C6F032-EE6A-7FED-2718-0A7275908693}.Debug|Any CPU.ActiveCfg = Debug|Any CPU
		{06C6F032-EE6A-7FED-2718-0A7275908693}.Debug|Any CPU.Build.0 = Debug|Any CPU
		{06C6F032-EE6A-7FED-2718-0A7275908693}.Release|Any CPU.ActiveCfg = Release|Any CPU
		{06C6F032-EE6A-7FED-2718-0A7275908693}.Release|Any CPU.Build.0 = Release|Any CPU
		{12A9E7A1-388F-A68E-CAEA-1B1E87F12833}.Debug|Any CPU.ActiveCfg = Debug|Any CPU
		{12A9E7A1-388F-A68E-CAEA-1B1E87F12833}.Debug|Any CPU.Build.0 = Debug|Any CPU
		{12A9E7A1-388F-A68E-CAEA-1B1E87F12833}.Release|Any CPU.ActiveCfg = Release|Any CPU
		{12A9E7A1-388F-A68E-CAEA-1B1E87F12833}.Release|Any CPU.Build.0 = Release|Any CPU
	EndGlobalSection
	GlobalSection(SolutionProperties) = preSolution
		HideSolutionNode = FALSE
	EndGlobalSection
EndGlobal
